
Microsoft Visual Studio Solution File, Format Version 12.00
# Visual Studio Version 17
VisualStudioVersion = 17.4.33213.308
MinimumVisualStudioVersion = 10.0.40219.1
Project("{9A19103F-16F7-4668-BE54-9A1E7A4F7556}") = "ClientSide", "ServerSide\ClientSide.csproj", "{379B087C-9670-4307-9099-54A3ED23220C}"
EndProject
Project("{9A19103F-16F7-4668-BE54-9A1E7A4F7556}") = "smth", "smth\smth.csproj", "{A5DA8C55-B04B-4792-AEA3-AEB8AB0E6DD0}"
EndProject
Global
	GlobalSection(SolutionConfigurationPlatforms) = preSolution
		Debug|Any CPU = Debug|Any CPU
		Release|Any CPU = Release|Any CPU
	EndGlobalSection
	GlobalSection(ProjectConfigurationPlatforms) = postSolution
		{379B087C-9670-4307-9099-54A3ED23220C}.Debug|Any CPU.ActiveCfg = Debug|Any CPU
		{379B087C-9670-4307-9099-54A3ED23220C}.Debug|Any CPU.Build.0 = Debug|Any CPU
		{379B087C-9670-4307-9099-54A3ED23220C}.Release|Any CPU.ActiveCfg = Release|Any CPU
		{379B087C-9670-4307-9099-54A3ED23220C}.Release|Any CPU.Build.0 = Release|Any CPU
		{A5DA8C55-B04B-4792-AEA3-AEB8AB0E6DD0}.Debug|Any CPU.ActiveCfg = Debug|Any CPU
		{A5DA8C55-B04B-4792-AEA3-AEB8AB0E6DD0}.Debug|Any CPU.Build.0 = Debug|Any CPU
		{A5DA8C55-B04B-4792-AEA3-AEB8AB0E6DD0}.Release|Any CPU.ActiveCfg = Release|Any CPU
		{A5DA8C55-B04B-4792-AEA3-AEB8AB0E6DD0}.Release|Any CPU.Build.0 = Release|Any CPU
	EndGlobalSection
	GlobalSection(SolutionProperties) = preSolution
		HideSolutionNode = FALSE
	EndGlobalSection
	GlobalSection(ExtensibilityGlobals) = postSolution
		SolutionGuid = {B63F1773-D529-42F5-A477-C71F3FCAFDAB}
	EndGlobalSection
EndGlobal
